Microsoft Visual Studio Solution File, Format Version 12.00
# Visual Studio Version 17
VisualStudioVersion = 17.5.2.0
MinimumVisualStudioVersion = 10.0.40219.1
Project("{FAE04EC0-301F-11D3-BF4B-00C04F79EFBC}") = "Singula.Core", "Singula.Core\Singula.Core.csproj", "{0146F96E-C0BC-F435-256B-4C8BDA0B294C}"
EndProject
Project("{FAE04EC0-301F-11D3-BF4B-00C04F79EFBC}") = "API.backend.singula", "API.backend.singula\API.backend.singula.csproj", "{926E0A5B-5F76-E91E-6E43-E1B5EDD4D706}"
EndProject
Global
	GlobalSection(SolutionConfigurationPlatforms) = preSolution
		Debug|Any CPU = Debug|Any CPU
		Release|Any CPU = Release|Any CPU
	EndGlobalSection
	GlobalSection(ProjectConfigurationPlatforms) = postSolution
		{0146F96E-C0BC-F435-256B-4C8BDA0B294C}.Debug|Any CPU.ActiveCfg = Debug|Any CPU
		{0146F96E-C0BC-F435-256B-4C8BDA0B294C}.Debug|Any CPU.Build.0 = Debug|Any CPU
		{0146F96E-C0BC-F435-256B-4C8BDA0B294C}.Release|Any CPU.ActiveCfg = Release|Any CPU
		{0146F96E-C0BC-F435-256B-4C8BDA0B294C}.Release|Any CPU.Build.0 = Release|Any CPU
		{926E0A5B-5F76-E91E-6E43-E1B5EDD4D706}.Debug|Any CPU.ActiveCfg = Debug|Any CPU
		{926E0A5B-5F76-E91E-6E43-E1B5EDD4D706}.Debug|Any CPU.Build.0 = Debug|Any CPU
		{926E0A5B-5F76-E91E-6E43-E1B5EDD4D706}.Release|Any CPU.ActiveCfg = Release|Any CPU
		{926E0A5B-5F76-E91E-6E43-E1B5EDD4D706}.Release|Any CPU.Build.0 = Release|Any CPU
	EndGlobalSection
	GlobalSection(SolutionProperties) = preSolution
		HideSolutionNode = FALSE
	EndGlobalSection
	GlobalSection(ExtensibilityGlobals) = postSolution
		SolutionGuid = {ABBFEB0E-9865-41C0-A158-D3E2B141BD1C}
	EndGlobalSection
EndGlobal
